
Microsoft Visual Studio Solution File, Format Version 12.00
# Visual Studio Version 17
VisualStudioVersion = 17.0.31903.59
MinimumVisualStudioVersion = 10.0.40219.1
Project("{FAE04EC0-301F-11D3-BF4B-00C04F79EFBC}") = "API", "API\API.csproj", "{911ADB05-71F8-4658-A4E9-B605B6904210}"
EndProject
Project("{FAE04EC0-301F-11D3-BF4B-00C04F79EFBC}") = "Application", "Application\Application.csproj", "{FBE93A86-C0EA-4E9B-9C39-F5BBF4541307}"
EndProject
Project("{FAE04EC0-301F-11D3-BF4B-00C04F79EFBC}") = "Domain", "Domain\Domain.csproj", "{07D22518-F207-4E11-94C9-19ECCDFC08C5}"
EndProject
Project("{FAE04EC0-301F-11D3-BF4B-00C04F79EFBC}") = "Persistence", "Persistence\Persistence.csproj", "{48CC0BC9-4986-42CB-8A3E-866AE0332CDC}"
EndProject
Global
	GlobalSection(SolutionConfigurationPlatforms) = preSolution
		Debug|Any CPU = Debug|Any CPU
		Release|Any CPU = Release|Any CPU
	EndGlobalSection
	GlobalSection(SolutionProperties) = preSolution
		HideSolutionNode = FALSE
	EndGlobalSection
	GlobalSection(ProjectConfigurationPlatforms) = postSolution
		{911ADB05-71F8-4658-A4E9-B605B6904210}.Debug|Any CPU.ActiveCfg = Debug|Any CPU
		{911ADB05-71F8-4658-A4E9-B605B6904210}.Debug|Any CPU.Build.0 = Debug|Any CPU
		{911ADB05-71F8-4658-A4E9-B605B6904210}.Release|Any CPU.ActiveCfg = Release|Any CPU
		{911ADB05-71F8-4658-A4E9-B605B6904210}.Release|Any CPU.Build.0 = Release|Any CPU
		{FBE93A86-C0EA-4E9B-9C39-F5BBF4541307}.Debug|Any CPU.ActiveCfg = Debug|Any CPU
		{FBE93A86-C0EA-4E9B-9C39-F5BBF4541307}.Debug|Any CPU.Build.0 = Debug|Any CPU
		{FBE93A86-C0EA-4E9B-9C39-F5BBF4541307}.Release|Any CPU.ActiveCfg = Release|Any CPU
		{FBE93A86-C0EA-4E9B-9C39-F5BBF4541307}.Release|Any CPU.Build.0 = Release|Any CPU
		{07D22518-F207-4E11-94C9-19ECCDFC08C5}.Debug|Any CPU.ActiveCfg = Debug|Any CPU
		{07D22518-F207-4E11-94C9-19ECCDFC08C5}.Debug|Any CPU.Build.0 = Debug|Any CPU
		{07D22518-F207-4E11-94C9-19ECCDFC08C5}.Release|Any CPU.ActiveCfg = Release|Any CPU
		{07D22518-F207-4E11-94C9-19ECCDFC08C5}.Release|Any CPU.Build.0 = Release|Any CPU
		{48CC0BC9-4986-42CB-8A3E-866AE0332CDC}.Debug|Any CPU.ActiveCfg = Debug|Any CPU
		{48CC0BC9-4986-42CB-8A3E-866AE0332CDC}.Debug|Any CPU.Build.0 = Debug|Any CPU
		{48CC0BC9-4986-42CB-8A3E-866AE0332CDC}.Release|Any CPU.ActiveCfg = Release|Any CPU
		{48CC0BC9-4986-42CB-8A3E-866AE0332CDC}.Release|Any CPU.Build.0 = Release|Any CPU
	EndGlobalSection
EndGlobal
